
Microsoft Visual Studio Solution File, Format Version 12.00
# Visual Studio Version 16
VisualStudioVersion = 16.0.31424.327
MinimumVisualStudioVersion = 10.0.40219.1
Project("{9A19103F-16F7-4668-BE54-9A1E7A4F7556}") = "RockPaperScissorsGame", "RockPaperScissorsGame\RockPaperScissorsGame.csproj", "{A569C825-B500-4737-98BF-E31340214D94}"
EndProject
Global
	GlobalSection(SolutionConfigurationPlatforms) = preSolution
		Debug|Any CPU = Debug|Any CPU
		Release|Any CPU = Release|Any CPU
	EndGlobalSection
	GlobalSection(ProjectConfigurationPlatforms) = postSolution
		{A569C825-B500-4737-98BF-E31340214D94}.Debug|Any CPU.ActiveCfg = Debug|Any CPU
		{A569C825-B500-4737-98BF-E31340214D94}.Debug|Any CPU.Build.0 = Debug|Any CPU
		{A569C825-B500-4737-98BF-E31340214D94}.Release|Any CPU.ActiveCfg = Release|Any CPU
		{A569C825-B500-4737-98BF-E31340214D94}.Release|Any CPU.Build.0 = Release|Any CPU
	EndGlobalSection
	GlobalSection(SolutionProperties) = preSolution
		HideSolutionNode = FALSE
	EndGlobalSection
	GlobalSection(ExtensibilityGlobals) = postSolution
		SolutionGuid = {7508D008-7B3D-4016-83A3-4FE6F98CA653}
	EndGlobalSection
EndGlobal
